dependencies:
  idf:
    source:
      type: idf
    version: 5.5.0
  joltwallet/littlefs:
    component_hash: 1808d73e99168f6f3c26dd31799a248484762b3a320ec4962dec11a145f4277f
    dependencies:
    - name: idf
      require: private
      version: '>=5.0'
    source:
      registry_url: https://components.espressif.com/
      type: service
    version: 1.20.3
direct_dependencies:
- joltwallet/littlefs
manifest_hash: 26f61fcdf1a106f64217fb05d974487f847b559856a33c417fa57c2e338f9d00
target: esp32s3
version: 2.0.0
